
Microsoft Visual Studio Solution File, Format Version 12.00
# Visual Studio 2012
Project("{FAE04EC0-301F-11D3-BF4B-00C04F79EFBC}") = "Griffin.Networking", "Griffin.Networking.Core\Griffin.Networking.csproj", "{599D307F-532C-4C3A-8F9E-0C74B6F0C5E8}"
EndProject
Project("{2150E333-8FDC-42A3-9474-1A3956D46DE8}") = ".nuget", ".nuget", "{53C638F1-8491-4CEB-9B93-9AE0A772652A}"
	ProjectSection(SolutionItems) = preProject
		.nuget\NuGet.Config = .nuget\NuGet.Config
		Griffin.Networking\.nuget\NuGet.exe = Griffin.Networking\.nuget\NuGet.exe
		.nuget\NuGet.exe = .nuget\NuGet.exe
		Griffin.Networking\.nuget\NuGet.targets = Griffin.Networking\.nuget\NuGet.targets
		.nuget\NuGet.targets = .nuget\NuGet.targets
	EndProjectSection
EndProject
Project("{FAE04EC0-301F-11D3-BF4B-00C04F79EFBC}") = "Griffin.Networking.Tests", "Griffin.Networking.Tests\Griffin.Networking.Tests.csproj", "{C01DA35F-626E-418B-BED3-DA99E8322A70}"
EndProject
Project("{FAE04EC0-301F-11D3-BF4B-00C04F79EFBC}") = "Griffin.Networking.Http", "Protocols\Http\Griffin.Networking.Protocol.Http\Griffin.Networking.Http.csproj", "{49640BB8-5F96-42BD-9172-4DCACEDB6885}"
EndProject
Project("{2150E333-8FDC-42A3-9474-1A3956D46DE8}") = "Protocols", "Protocols", "{28033B83-E6F2-4565-9A2B-B73CC7F688F5}"
EndProject
Project("{2150E333-8FDC-42A3-9474-1A3956D46DE8}") = "Http", "Http", "{598871AE-CA5B-40DF-9DA6-81F59C12F93E}"
EndProject
Project("{FAE04EC0-301F-11D3-BF4B-00C04F79EFBC}") = "Griffin.Networking.Http.DemoServer", "Protocols\Http\Griffin.Networking.Protocol.Http.DemoServer\Griffin.Networking.Http.DemoServer.csproj", "{6196EAF5-6B52-4496-A069-38FFE68202CE}"
EndProject
Project("{FAE04EC0-301F-11D3-BF4B-00C04F79EFBC}") = "Griffin.Networking.Http.Tests", "Protocols\Http\Griffin.Networking.Protocol.Http.Tests\Griffin.Networking.Http.Tests.csproj", "{3F5A1984-9CFB-444D-A5E4-CFCAE383C4A6}"
EndProject
Project("{2150E333-8FDC-42A3-9474-1A3956D46DE8}") = "JsonRpc", "JsonRpc", "{89C5E7EE-13F7-49FD-945C-64A25BDB0A21}"
EndProject
Project("{FAE04EC0-301F-11D3-BF4B-00C04F79EFBC}") = "Griffin.Networking.WebSocket", "Protocols\WebSocket\Griffin.Networking.Protocol.WebSocket\Griffin.Networking.WebSocket.csproj", "{7CA8DF6B-F646-4F36-B7A7-1689B6BB8638}"
EndProject
Project("{2150E333-8FDC-42A3-9474-1A3956D46DE8}") = "Websocket", "Websocket", "{DACA8622-1125-4529-8376-7610D7CBE261}"
EndProject
Project("{FAE04EC0-301F-11D3-BF4B-00C04F79EFBC}") = "Griffin.Networking.JsonRpc", "Protocols\JsonRpc\Griffin.Networking.Protocol.JsonRpc\Griffin.Networking.JsonRpc.csproj", "{B127E62B-749A-4039-BF6D-546F304F45FA}"
EndProject
Project("{FAE04EC0-301F-11D3-BF4B-00C04F79EFBC}") = "Griffin.Networking.JsonRpc.Tests", "Protocols\JsonRpc\Griffin.Networking.Protocol.JsonRpc.Tests\Griffin.Networking.JsonRpc.Tests.csproj", "{74571F76-9F08-4F2E-A3F8-5C7BE9277D85}"
EndProject
Project("{FAE04EC0-301F-11D3-BF4B-00C04F79EFBC}") = "ServerDemo", "Protocols\JsonRpc\ServerDemo\ServerDemo.csproj", "{E3BF6F13-BD6D-4B03-9807-6A1FE5038B61}"
EndProject
Project("{2150E333-8FDC-42A3-9474-1A3956D46DE8}") = "SimpleBinary", "SimpleBinary", "{2C2C4756-E1AA-4BAF-A1BE-A78C0232B1F6}"
EndProject
Project("{2150E333-8FDC-42A3-9474-1A3956D46DE8}") = "Basic", "Basic", "{7A920993-E246-462A-83B8-D8E7EB46F2AF}"
EndProject
Project("{FAE04EC0-301F-11D3-BF4B-00C04F79EFBC}") = "Griffin.Networking.Protocols.Basic", "Protocols\Basic\Griffin.Networking.Protocols.Basic\Griffin.Networking.Protocols.Basic.csproj", "{67233C96-4FD7-49BD-9513-6E5314BA3AD2}"
EndProject
Global
	GlobalSection(SolutionConfigurationPlatforms) = preSolution
		Debug|Any CPU = Debug|Any CPU
		Debug|Mixed Platforms = Debug|Mixed Platforms
		Debug|x86 = Debug|x86
		Release|Any CPU = Release|Any CPU
		Release|Mixed Platforms = Release|Mixed Platforms
		Release|x86 = Release|x86
	EndGlobalSection
	GlobalSection(ProjectConfigurationPlatforms) = postSolution
		{599D307F-532C-4C3A-8F9E-0C74B6F0C5E8}.Debug|Any CPU.ActiveCfg = Debug|Any CPU
		{599D307F-532C-4C3A-8F9E-0C74B6F0C5E8}.Debug|Any CPU.Build.0 = Debug|Any CPU
		{599D307F-532C-4C3A-8F9E-0C74B6F0C5E8}.Debug|Mixed Platforms.ActiveCfg = Debug|Any CPU
		{599D307F-532C-4C3A-8F9E-0C74B6F0C5E8}.Debug|Mixed Platforms.Build.0 = Debug|Any CPU
		{599D307F-532C-4C3A-8F9E-0C74B6F0C5E8}.Debug|x86.ActiveCfg = Debug|Any CPU
		{599D307F-532C-4C3A-8F9E-0C74B6F0C5E8}.Release|Any CPU.ActiveCfg = Release|Any CPU
		{599D307F-532C-4C3A-8F9E-0C74B6F0C5E8}.Release|Any CPU.Build.0 = Release|Any CPU
		{599D307F-532C-4C3A-8F9E-0C74B6F0C5E8}.Release|Mixed Platforms.ActiveCfg = Release|Any CPU
		{599D307F-532C-4C3A-8F9E-0C74B6F0C5E8}.Release|Mixed Platforms.Build.0 = Release|Any CPU
		{599D307F-532C-4C3A-8F9E-0C74B6F0C5E8}.Release|x86.ActiveCfg = Release|Any CPU
		{C01DA35F-626E-418B-BED3-DA99E8322A70}.Debug|Any CPU.ActiveCfg = Debug|Any CPU
		{C01DA35F-626E-418B-BED3-DA99E8322A70}.Debug|Any CPU.Build.0 = Debug|Any CPU
		{C01DA35F-626E-418B-BED3-DA99E8322A70}.Debug|Mixed Platforms.ActiveCfg = Debug|Any CPU
		{C01DA35F-626E-418B-BED3-DA99E8322A70}.Debug|Mixed Platforms.Build.0 = Debug|Any CPU
		{C01DA35F-626E-418B-BED3-DA99E8322A70}.Debug|x86.ActiveCfg = Debug|Any CPU
		{C01DA35F-626E-418B-BED3-DA99E8322A70}.Release|Any CPU.ActiveCfg = Release|Any CPU
		{C01DA35F-626E-418B-BED3-DA99E8322A70}.Release|Any CPU.Build.0 = Release|Any CPU
		{C01DA35F-626E-418B-BED3-DA99E8322A70}.Release|Mixed Platforms.ActiveCfg = Release|Any CPU
		{C01DA35F-626E-418B-BED3-DA99E8322A70}.Release|Mixed Platforms.Build.0 = Release|Any CPU
		{C01DA35F-626E-418B-BED3-DA99E8322A70}.Release|x86.ActiveCfg = Release|Any CPU
		{49640BB8-5F96-42BD-9172-4DCACEDB6885}.Debug|Any CPU.ActiveCfg = Debug|Any CPU
		{49640BB8-5F96-42BD-9172-4DCACEDB6885}.Debug|Any CPU.Build.0 = Debug|Any CPU
		{49640BB8-5F96-42BD-9172-4DCACEDB6885}.Debug|Mixed Platforms.ActiveCfg = Debug|Any CPU
		{49640BB8-5F96-42BD-9172-4DCACEDB6885}.Debug|Mixed Platforms.Build.0 = Debug|Any CPU
		{49640BB8-5F96-42BD-9172-4DCACEDB6885}.Debug|x86.ActiveCfg = Debug|Any CPU
		{49640BB8-5F96-42BD-9172-4DCACEDB6885}.Release|Any CPU.ActiveCfg = Release|Any CPU
		{49640BB8-5F96-42BD-9172-4DCACEDB6885}.Release|Any CPU.Build.0 = Release|Any CPU
		{49640BB8-5F96-42BD-9172-4DCACEDB6885}.Release|Mixed Platforms.ActiveCfg = Release|Any CPU
		{49640BB8-5F96-42BD-9172-4DCACEDB6885}.Release|Mixed Platforms.Build.0 = Release|Any CPU
		{49640BB8-5F96-42BD-9172-4DCACEDB6885}.Release|x86.ActiveCfg = Release|Any CPU
		{6196EAF5-6B52-4496-A069-38FFE68202CE}.Debug|Any CPU.ActiveCfg = Debug|x86
		{6196EAF5-6B52-4496-A069-38FFE68202CE}.Debug|Any CPU.Build.0 = Debug|x86
		{6196EAF5-6B52-4496-A069-38FFE68202CE}.Debug|Mixed Platforms.ActiveCfg = Debug|x86
		{6196EAF5-6B52-4496-A069-38FFE68202CE}.Debug|Mixed Platforms.Build.0 = Debug|x86
		{6196EAF5-6B52-4496-A069-38FFE68202CE}.Debug|x86.ActiveCfg = Debug|x86
		{6196EAF5-6B52-4496-A069-38FFE68202CE}.Debug|x86.Build.0 = Debug|x86
		{6196EAF5-6B52-4496-A069-38FFE68202CE}.Release|Any CPU.ActiveCfg = Release|x86
		{6196EAF5-6B52-4496-A069-38FFE68202CE}.Release|Any CPU.Build.0 = Release|x86
		{6196EAF5-6B52-4496-A069-38FFE68202CE}.Release|Mixed Platforms.ActiveCfg = Release|x86
		{6196EAF5-6B52-4496-A069-38FFE68202CE}.Release|Mixed Platforms.Build.0 = Release|x86
		{6196EAF5-6B52-4496-A069-38FFE68202CE}.Release|x86.ActiveCfg = Release|x86
		{6196EAF5-6B52-4496-A069-38FFE68202CE}.Release|x86.Build.0 = Release|x86
		{3F5A1984-9CFB-444D-A5E4-CFCAE383C4A6}.Debug|Any CPU.ActiveCfg = Debug|Any CPU
		{3F5A1984-9CFB-444D-A5E4-CFCAE383C4A6}.Debug|Any CPU.Build.0 = Debug|Any CPU
		{3F5A1984-9CFB-444D-A5E4-CFCAE383C4A6}.Debug|Mixed Platforms.ActiveCfg = Debug|Any CPU
		{3F5A1984-9CFB-444D-A5E4-CFCAE383C4A6}.Debug|Mixed Platforms.Build.0 = Debug|Any CPU
		{3F5A1984-9CFB-444D-A5E4-CFCAE383C4A6}.Debug|x86.ActiveCfg = Debug|Any CPU
		{3F5A1984-9CFB-444D-A5E4-CFCAE383C4A6}.Release|Any CPU.ActiveCfg = Release|Any CPU
		{3F5A1984-9CFB-444D-A5E4-CFCAE383C4A6}.Release|Any CPU.Build.0 = Release|Any CPU
		{3F5A1984-9CFB-444D-A5E4-CFCAE383C4A6}.Release|Mixed Platforms.ActiveCfg = Release|Any CPU
		{3F5A1984-9CFB-444D-A5E4-CFCAE383C4A6}.Release|Mixed Platforms.Build.0 = Release|Any CPU
		{3F5A1984-9CFB-444D-A5E4-CFCAE383C4A6}.Release|x86.ActiveCfg = Release|Any CPU
		{7CA8DF6B-F646-4F36-B7A7-1689B6BB8638}.Debug|Any CPU.ActiveCfg = Debug|Any CPU
		{7CA8DF6B-F646-4F36-B7A7-1689B6BB8638}.Debug|Any CPU.Build.0 = Debug|Any CPU
		{7CA8DF6B-F646-4F36-B7A7-1689B6BB8638}.Debug|Mixed Platforms.ActiveCfg = Debug|Any CPU
		{7CA8DF6B-F646-4F36-B7A7-1689B6BB8638}.Debug|Mixed Platforms.Build.0 = Debug|Any CPU
		{7CA8DF6B-F646-4F36-B7A7-1689B6BB8638}.Debug|x86.ActiveCfg = Debug|Any CPU
		{7CA8DF6B-F646-4F36-B7A7-1689B6BB8638}.Release|Any CPU.ActiveCfg = Release|Any CPU
		{7CA8DF6B-F646-4F36-B7A7-1689B6BB8638}.Release|Any CPU.Build.0 = Release|Any CPU
		{7CA8DF6B-F646-4F36-B7A7-1689B6BB8638}.Release|Mixed Platforms.ActiveCfg = Release|Any CPU
		{7CA8DF6B-F646-4F36-B7A7-1689B6BB8638}.Release|Mixed Platforms.Build.0 = Release|Any CPU
		{7CA8DF6B-F646-4F36-B7A7-1689B6BB8638}.Release|x86.ActiveCfg = Release|Any CPU
		{B127E62B-749A-4039-BF6D-546F304F45FA}.Debug|Any CPU.ActiveCfg = Debug|Any CPU
		{B127E62B-749A-4039-BF6D-546F304F45FA}.Debug|Any CPU.Build.0 = Debug|Any CPU
		{B127E62B-749A-4039-BF6D-546F304F45FA}.Debug|Mixed Platforms.ActiveCfg = Debug|Any CPU
		{B127E62B-749A-4039-BF6D-546F304F45FA}.Debug|Mixed Platforms.Build.0 = Debug|Any CPU
		{B127E62B-749A-4039-BF6D-546F304F45FA}.Debug|x86.ActiveCfg = Debug|Any CPU
		{B127E62B-749A-4039-BF6D-546F304F45FA}.Release|Any CPU.ActiveCfg = Release|Any CPU
		{B127E62B-749A-4039-BF6D-546F304F45FA}.Release|Any CPU.Build.0 = Release|Any CPU
		{B127E62B-749A-4039-BF6D-546F304F45FA}.Release|Mixed Platforms.ActiveCfg = Release|Any CPU
		{B127E62B-749A-4039-BF6D-546F304F45FA}.Release|Mixed Platforms.Build.0 = Release|Any CPU
		{B127E62B-749A-4039-BF6D-546F304F45FA}.Release|x86.ActiveCfg = Release|Any CPU
		{74571F76-9F08-4F2E-A3F8-5C7BE9277D85}.Debug|Any CPU.ActiveCfg = Debug|Any CPU
		{74571F76-9F08-4F2E-A3F8-5C7BE9277D85}.Debug|Any CPU.Build.0 = Debug|Any CPU
		{74571F76-9F08-4F2E-A3F8-5C7BE9277D85}.Debug|Mixed Platforms.ActiveCfg = Debug|Any CPU
		{74571F76-9F08-4F2E-A3F8-5C7BE9277D85}.Debug|Mixed Platforms.Build.0 = Debug|Any CPU
		{74571F76-9F08-4F2E-A3F8-5C7BE9277D85}.Debug|x86.ActiveCfg = Debug|Any CPU
		{74571F76-9F08-4F2E-A3F8-5C7BE9277D85}.Release|Any CPU.ActiveCfg = Release|Any CPU
		{74571F76-9F08-4F2E-A3F8-5C7BE9277D85}.Release|Any CPU.Build.0 = Release|Any CPU
		{74571F76-9F08-4F2E-A3F8-5C7BE9277D85}.Release|Mixed Platforms.ActiveCfg = Release|Any CPU
		{74571F76-9F08-4F2E-A3F8-5C7BE9277D85}.Release|Mixed Platforms.Build.0 = Release|Any CPU
		{74571F76-9F08-4F2E-A3F8-5C7BE9277D85}.Release|x86.ActiveCfg = Release|Any CPU
		{E3BF6F13-BD6D-4B03-9807-6A1FE5038B61}.Debug|Any CPU.ActiveCfg = Debug|x86
		{E3BF6F13-BD6D-4B03-9807-6A1FE5038B61}.Debug|Any CPU.Build.0 = Debug|x86
		{E3BF6F13-BD6D-4B03-9807-6A1FE5038B61}.Debug|Mixed Platforms.ActiveCfg = Debug|x86
		{E3BF6F13-BD6D-4B03-9807-6A1FE5038B61}.Debug|Mixed Platforms.Build.0 = Debug|x86
		{E3BF6F13-BD6D-4B03-9807-6A1FE5038B61}.Debug|x86.ActiveCfg = Debug|x86
		{E3BF6F13-BD6D-4B03-9807-6A1FE5038B61}.Debug|x86.Build.0 = Debug|x86
		{E3BF6F13-BD6D-4B03-9807-6A1FE5038B61}.Release|Any CPU.ActiveCfg = Release|x86
		{E3BF6F13-BD6D-4B03-9807-6A1FE5038B61}.Release|Mixed Platforms.ActiveCfg = Release|x86
		{E3BF6F13-BD6D-4B03-9807-6A1FE5038B61}.Release|Mixed Platforms.Build.0 = Release|x86
		{E3BF6F13-BD6D-4B03-9807-6A1FE5038B61}.Release|x86.ActiveCfg = Release|x86
		{E3BF6F13-BD6D-4B03-9807-6A1FE5038B61}.Release|x86.Build.0 = Release|x86
		{67233C96-4FD7-49BD-9513-6E5314BA3AD2}.Debug|Any CPU.ActiveCfg = Debug|Any CPU
		{67233C96-4FD7-49BD-9513-6E5314BA3AD2}.Debug|Any CPU.Build.0 = Debug|Any CPU
		{67233C96-4FD7-49BD-9513-6E5314BA3AD2}.Debug|Mixed Platforms.ActiveCfg = Debug|Any CPU
		{67233C96-4FD7-49BD-9513-6E5314BA3AD2}.Debug|Mixed Platforms.Build.0 = Debug|Any CPU
		{67233C96-4FD7-49BD-9513-6E5314BA3AD2}.Debug|x86.ActiveCfg = Debug|Any CPU
		{67233C96-4FD7-49BD-9513-6E5314BA3AD2}.Release|Any CPU.ActiveCfg = Release|Any CPU
		{67233C96-4FD7-49BD-9513-6E5314BA3AD2}.Release|Any CPU.Build.0 = Release|Any CPU
		{67233C96-4FD7-49BD-9513-6E5314BA3AD2}.Release|Mixed Platforms.ActiveCfg = Release|Any CPU
		{67233C96-4FD7-49BD-9513-6E5314BA3AD2}.Release|Mixed Platforms.Build.0 = Release|Any CPU
		{67233C96-4FD7-49BD-9513-6E5314BA3AD2}.Release|x86.ActiveCfg = Release|Any CPU
	EndGlobalSection
	GlobalSection(SolutionProperties) = preSolution
		HideSolutionNode = FALSE
	EndGlobalSection
	GlobalSection(NestedProjects) = preSolution
		{598871AE-CA5B-40DF-9DA6-81F59C12F93E} = {28033B83-E6F2-4565-9A2B-B73CC7F688F5}
		{89C5E7EE-13F7-49FD-945C-64A25BDB0A21} = {28033B83-E6F2-4565-9A2B-B73CC7F688F5}
		{DACA8622-1125-4529-8376-7610D7CBE261} = {28033B83-E6F2-4565-9A2B-B73CC7F688F5}
		{2C2C4756-E1AA-4BAF-A1BE-A78C0232B1F6} = {28033B83-E6F2-4565-9A2B-B73CC7F688F5}
		{7A920993-E246-462A-83B8-D8E7EB46F2AF} = {28033B83-E6F2-4565-9A2B-B73CC7F688F5}
		{49640BB8-5F96-42BD-9172-4DCACEDB6885} = {598871AE-CA5B-40DF-9DA6-81F59C12F93E}
		{6196EAF5-6B52-4496-A069-38FFE68202CE} = {598871AE-CA5B-40DF-9DA6-81F59C12F93E}
		{3F5A1984-9CFB-444D-A5E4-CFCAE383C4A6} = {598871AE-CA5B-40DF-9DA6-81F59C12F93E}
		{B127E62B-749A-4039-BF6D-546F304F45FA} = {89C5E7EE-13F7-49FD-945C-64A25BDB0A21}
		{74571F76-9F08-4F2E-A3F8-5C7BE9277D85} = {89C5E7EE-13F7-49FD-945C-64A25BDB0A21}
		{E3BF6F13-BD6D-4B03-9807-6A1FE5038B61} = {89C5E7EE-13F7-49FD-945C-64A25BDB0A21}
		{7CA8DF6B-F646-4F36-B7A7-1689B6BB8638} = {DACA8622-1125-4529-8376-7610D7CBE261}
		{67233C96-4FD7-49BD-9513-6E5314BA3AD2} = {7A920993-E246-462A-83B8-D8E7EB46F2AF}
	EndGlobalSection
EndGlobal
